
Microsoft Visual Studio Solution File, Format Version 12.00
# Visual Studio Version 17
VisualStudioVersion = 17.7.34202.233
MinimumVisualStudioVersion = 10.0.40219.1
Project("{FAE04EC0-301F-11D3-BF4B-00C04F79EFBC}") = "WebApplication1", "WebApplication1\WebApplication1.csproj", "{1882D85F-3D48-407C-8D62-65763E77D890}"
EndProject
Global
	GlobalSection(SolutionConfigurationPlatforms) = preSolution
		Debug|Any CPU = Debug|Any CPU
		Release|Any CPU = Release|Any CPU
	EndGlobalSection
	GlobalSection(ProjectConfigurationPlatforms) = postSolution
		{1882D85F-3D48-407C-8D62-65763E77D890}.Debug|Any CPU.ActiveCfg = Debug|Any CPU
		{1882D85F-3D48-407C-8D62-65763E77D890}.Debug|Any CPU.Build.0 = Debug|Any CPU
		{1882D85F-3D48-407C-8D62-65763E77D890}.Release|Any CPU.ActiveCfg = Release|Any CPU
		{1882D85F-3D48-407C-8D62-65763E77D890}.Release|Any CPU.Build.0 = Release|Any CPU
	EndGlobalSection
	GlobalSection(SolutionProperties) = preSolution
		HideSolutionNode = FALSE
	EndGlobalSection
	GlobalSection(ExtensibilityGlobals) = postSolution
		SolutionGuid = {0F991913-1701-4AC2-93E0-9F6BC89B5A99}
	EndGlobalSection
EndGlobal
